// !$*UTF8*$!
{
	archiveVersion = 1;
	classes = {
	};
	objectVersion = 55;
	objects = {

/* Begin PBXBuildFile section */
		0B043BAB28A94BEF00EA3EEF /* AppDelegate.swift in Sources */ = {isa = PBXBuildFile; fileRef = 0B043BAA28A94BEF00EA3EEF /* AppDelegate.swift */; };
		0B043BAD28A94BEF00EA3EEF /* SceneDelegate.swift in Sources */ = {isa = PBXBuildFile; fileRef = 0B043BAC28A94BEF00EA3EEF /* SceneDelegate.swift */; };
		0B043BAF28A94BEF00EA3EEF /* ViewController.swift in Sources */ = {isa = PBXBuildFile; fileRef = 0B043BAE28A94BEF00EA3EEF /* ViewController.swift */; };
		0B043BB228A94BEF00EA3EEF /* Main.storyboard in Resources */ = {isa = PBXBuildFile; fileRef = 0B043BB028A94BEF00EA3EEF /* Main.storyboard */; };
		0B043BB428A94BF000EA3EEF /* Assets.xcassets in Resources */ = {isa = PBXBuildFile; fileRef = 0B043BB328A94BF000EA3EEF /* Assets.xcassets */; };
		0B043BB728A94BF000EA3EEF /* LaunchScreen.storyboard in Resources */ = {isa = PBXBuildFile; fileRef = 0B043BB528A94BF000EA3EEF /* LaunchScreen.storyboard */; };
		0B043BC228A94BF000EA3EEF /* streamingUITests.swift in Sources */ = {isa = PBXBuildFile; fileRef = 0B043BC128A94BF000EA3EEF /* streamingUITests.swift */; };
		0B043BCC28A94BF000EA3EEF /* streamingUIUITests.swift in Sources */ = {isa = PBXBuildFile; fileRef = 0B043BCB28A94BF000EA3EEF /* streamingUIUITests.swift */; };
		0B043BCE28A94BF000EA3EEF /* streamingUIUITestsLaunchTests.swift in Sources */ = {isa = PBXBuildFile; fileRef = 0B043BCD28A94BF000EA3EEF /* streamingUIUITestsLaunchTests.swift */; };
/* End PBXBuildFile section */

/* Begin PBXContainerItemProxy section */
		0B043BBE28A94BF000EA3EEF /* PBXContainerItemProxy */ = {
			isa = PBXContainerItemProxy;
			containerPortal = 0B043B9F28A94BEF00EA3EEF /* Project object */;
			proxyType = 1;
			remoteGlobalIDString = 0B043BA628A94BEF00EA3EEF;
			remoteInfo = streamingUI;
		};
		0B043BC828A94BF000EA3EEF /* PBXContainerItemProxy */ = {
			isa = PBXContainerItemProxy;
			containerPortal = 0B043B9F28A94BEF00EA3EEF /* Project object */;
			proxyType = 1;
			remoteGlobalIDString = 0B043BA628A94BEF00EA3EEF;
			remoteInfo = streamingUI;
		};
/* End PBXContainerItemProxy section */

/* Begin PBXFileReference section */
		0B043BA728A94BEF00EA3EEF /* streamingUI.app */ = {isa = PBXFileReference; explicitFileType = wrapper.application; includeInIndex = 0; path = streamingUI.app; sourceTree = BUILT_PRODUCTS_DIR; };
		0B043BAA28A94BEF00EA3EEF /* AppDelegate.swift */ = {isa = PBXFileReference; lastKnownFileType = sourcecode.swift; path = AppDelegate.swift; sourceTree = "<group>"; };
		0B043BAC28A94BEF00EA3EEF /* SceneDelegate.swift */ = {isa = PBXFileReference; lastKnownFileType = sourcecode.swift; path = SceneDelegate.swift; sourceTree = "<group>"; };
		0B043BAE28A94BEF00EA3EEF /* ViewController.swift */ = {isa = PBXFileReference; lastKnownFileType = sourcecode.swift; path = ViewController.swift; sourceTree = "<group>"; };
		0B043BB128A94BEF00EA3EEF /* Base */ = {isa = PBXFileReference; lastKnownFileType = file.storyboard; name = Base; path = Base.lproj/Main.storyboard; sourceTree = "<group>"; };
		0B043BB328A94BF000EA3EEF /* Assets.xcassets */ = {isa = PBXFileReference; lastKnownFileType = folder.assetcatalog; path = Assets.xcassets; sourceTree = "<group>"; };
		0B043BB628A94BF000EA3EEF /* Base */ = {isa = PBXFileReference; lastKnownFileType = file.storyboard; name = Base; path = Base.lproj/LaunchScreen.storyboard; sourceTree = "<group>"; };
		0B043BB828A94BF000EA3EEF /* Info.plist */ = {isa = PBXFileReference; lastKnownFileType = text.plist.xml; path = Info.plist; sourceTree = "<group>"; };
		0B043BBD28A94BF000EA3EEF /* streamingUITests.xctest */ = {isa = PBXFileReference; explicitFileType = wrapper.cfbundle; includeInIndex = 0; path = streamingUITests.xctest; sourceTree = BUILT_PRODUCTS_DIR; };
		0B043BC128A94BF000EA3EEF /* streamingUITests.swift */ = {isa = PBXFileReference; lastKnownFileType = sourcecode.swift; path = streamingUITests.swift; sourceTree = "<group>"; };
		0B043BC728A94BF000EA3EEF /* streamingUIUITests.xctest */ = {isa = PBXFileReference; explicitFileType = wrapper.cfbundle; includeInIndex = 0; path = streamingUIUITests.xctest; sourceTree = BUILT_PRODUCTS_DIR; };
		0B043BCB28A94BF000EA3EEF /* streamingUIUITests.swift */ = {isa = PBXFileReference; lastKnownFileType = sourcecode.swift; path = streamingUIUITests.swift; sourceTree = "<group>"; };
		0B043BCD28A94BF000EA3EEF /* streamingUIUITestsLaunchTests.swift */ = {isa = PBXFileReference; lastKnownFileType = sourcecode.swift; path = streamingUIUITestsLaunchTests.swift; sourceTree = "<group>"; };
/* End PBXFileReference section */

/* Begin PBXFrameworksBuildPhase section */
		0B043BA428A94BEF00EA3EEF /* Frameworks */ = {
			isa = PBXFrameworksBuildPhase;
			buildActionMask = 2147483647;
			files = (
			);
			runOnlyForDeploymentPostprocessing = 0;
		};
		0B043BBA28A94BF000EA3EEF /* Frameworks */ = {
			isa = PBXFrameworksBuildPhase;
			buildActionMask = 2147483647;
			files = (
			);
			runOnlyForDeploymentPostprocessing = 0;
		};
		0B043BC428A94BF000EA3EEF /* Frameworks */ = {
			isa = PBXFrameworksBuildPhase;
			buildActionMask = 2147483647;
			files = (
			);
			runOnlyForDeploymentPostprocessing = 0;
		};
/* End PBXFrameworksBuildPhase section */

/* Begin PBXGroup section */
		0B043B9E28A94BEF00EA3EEF = {
			isa = PBXGroup;
			children = (
				0B043BA928A94BEF00EA3EEF /* streamingUI */,
				0B043BC028A94BF000EA3EEF /* streamingUITests */,
				0B043BCA28A94BF000EA3EEF /* streamingUIUITests */,
				0B043BA828A94BEF00EA3EEF /* Products */,
			);
			sourceTree = "<group>";
		};
		0B043BA828A94BEF00EA3EEF /* Products */ = {
			isa = PBXGroup;
			children = (
				0B043BA728A94BEF00EA3EEF /* streamingUI.app */,
				0B043BBD28A94BF000EA3EEF /* streamingUITests.xctest */,
				0B043BC728A94BF000EA3EEF /* streamingUIUITests.xctest */,
			);
			name = Products;
			sourceTree = "<group>";
		};
		0B043BA928A94BEF00EA3EEF /* streamingUI */ = {
			isa = PBXGroup;
			children = (
				0B043BAA28A94BEF00EA3EEF /* AppDelegate.swift */,
				0B043BAC28A94BEF00EA3EEF /* SceneDelegate.swift */,
				0B043BAE28A94BEF00EA3EEF /* ViewController.swift */,
				0B043BB028A94BEF00EA3EEF /* Main.storyboard */,
				0B043BB328A94BF000EA3EEF /* Assets.xcassets */,
				0B043BB528A94BF000EA3EEF /* LaunchScreen.storyboard */,
				0B043BB828A94BF000EA3EEF /* Info.plist */,
			);
			path = streamingUI;
			sourceTree = "<group>";
		};
		0B043BC028A94BF000EA3EEF /* streamingUITests */ = {
			isa = PBXGroup;
			children = (
				0B043BC128A94BF000EA3EEF /* streamingUITests.swift */,
			);
			path = streamingUITests;
			sourceTree = "<group>";
		};
		0B043BCA28A94BF000EA3EEF /* streamingUIUITests */ = {
			isa = PBXGroup;
			children = (
				0B043BCB28A94BF000EA3EEF /* streamingUIUITests.swift */,
				0B043BCD28A94BF000EA3EEF /* streamingUIUITestsLaunchTests.swift */,
			);
			path = streamingUIUITests;
			sourceTree = "<group>";
		};
/* End PBXGroup section */

/* Begin PBXNativeTarget section */
		0B043BA628A94BEF00EA3EEF /* streamingUI */ = {
			isa = PBXNativeTarget;
			buildConfigurationList = 0B043BD128A94BF000EA3EEF /* Build configuration list for PBXNativeTarget "streamingUI" */;
			buildPhases = (
				0B043BA328A94BEF00EA3EEF /* Sources */,
				0B043BA428A94BEF00EA3EEF /* Frameworks */,
				0B043BA528A94BEF00EA3EEF /* Resources */,
			);
			buildRules = (
			);
			dependencies = (
			);
			name = streamingUI;
			productName = streamingUI;
			productReference = 0B043BA728A94BEF00EA3EEF /* streamingUI.app */;
			productType = "com.apple.product-type.application";
		};
		0B043BBC28A94BF000EA3EEF /* streamingUITests */ = {
			isa = PBXNativeTarget;
			buildConfigurationList = 0B043BD428A94BF000EA3EEF /* Build configuration list for PBXNativeTarget "streamingUITests" */;
			buildPhases = (
				0B043BB928A94BF000EA3EEF /* Sources */,
				0B043BBA28A94BF000EA3EEF /* Frameworks */,
				0B043BBB28A94BF000EA3EEF /* Resources */,
			);
			buildRules = (
			);
			dependencies = (
				0B043BBF28A94BF000EA3EEF /* PBXTargetDependency */,
			);
			name = streamingUITests;
			productName = streamingUITests;
			productReference = 0B043BBD28A94BF000EA3EEF /* streamingUITests.xctest */;
			productType = "com.apple.product-type.bundle.unit-test";
		};
		0B043BC628A94BF000EA3EEF /* streamingUIUITests */ = {
			isa = PBXNativeTarget;
			buildConfigurationList = 0B043BD728A94BF000EA3EEF /* Build configuration list for PBXNativeTarget "streamingUIUITests" */;
			buildPhases = (
				0B043BC328A94BF000EA3EEF /* Sources */,
				0B043BC428A94BF000EA3EEF /* Frameworks */,
				0B043BC528A94BF000EA3EEF /* Resources */,
			);
			buildRules = (
			);
			dependencies = (
				0B043BC928A94BF000EA3EEF /* PBXTargetDependency */,
			);
			name = streamingUIUITests;
			productName = streamingUIUITests;
			productReference = 0B043BC728A94BF000EA3EEF /* streamingUIUITests.xctest */;
			productType = "com.apple.product-type.bundle.ui-testing";
		};
/* End PBXNativeTarget section */

/* Begin PBXProject section */
		0B043B9F28A94BEF00EA3EEF /* Project object */ = {
			isa = PBXProject;
			attributes = {
				BuildIndependentTargetsInParallel = 1;
				LastSwiftUpdateCheck = 1340;
				LastUpgradeCheck = 1340;
				TargetAttributes = {
					0B043BA628A94BEF00EA3EEF = {
						CreatedOnToolsVersion = 13.4.1;
					};
					0B043BBC28A94BF000EA3EEF = {
						CreatedOnToolsVersion = 13.4.1;
						TestTargetID = 0B043BA628A94BEF00EA3EEF;
					};
					0B043BC628A94BF000EA3EEF = {
						CreatedOnToolsVersion = 13.4.1;
						TestTargetID = 0B043BA628A94BEF00EA3EEF;
					};
				};
			};
			buildConfigurationList = 0B043BA228A94BEF00EA3EEF /* Build configuration list for PBXProject "streamingUI" */;
			compatibilityVersion = "Xcode 13.0";
			developmentRegion = en;
			hasScannedForEncodings = 0;
			knownRegions = (
				en,
				Base,
			);
			mainGroup = 0B043B9E28A94BEF00EA3EEF;
			productRefGroup = 0B043BA828A94BEF00EA3EEF /* Products */;
			projectDirPath = "";
			projectRoot = "";
			targets = (
				0B043BA628A94BEF00EA3EEF /* streamingUI */,
				0B043BBC28A94BF000EA3EEF /* streamingUITests */,
				0B043BC628A94BF000EA3EEF /* streamingUIUITests */,
			);
		};
/* End PBXProject section */

/* Begin PBXResourcesBuildPhase section */
		0B043BA528A94BEF00EA3EEF /* Resources */ = {
			isa = PBXResourcesBuildPhase;
			buildActionMask = 2147483647;
			files = (
				0B043BB728A94BF000EA3EEF /* LaunchScreen.storyboard in Resources */,
				0B043BB428A94BF000EA3EEF /* Assets.xcassets in Resources */,
				0B043BB228A94BEF00EA3EEF /* Main.storyboard in Resources */,
			);
			runOnlyForDeploymentPostprocessing = 0;
		};
		0B043BBB28A94BF000EA3EEF /* Resources */ = {
			isa = PBXResourcesBuildPhase;
			buildActionMask = 2147483647;
			files = (
			);
			runOnlyForDeploymentPostprocessing = 0;
		};
		0B043BC528A94BF000EA3EEF /* Resources */ = {
			isa = PBXResourcesBuildPhase;
			buildActionMask = 2147483647;
			files = (
			);
			runOnlyForDeploymentPostprocessing = 0;
		};
/* End PBXResourcesBuildPhase section */

/* Begin PBXSourcesBuildPhase section */
		0B043BA328A94BEF00EA3EEF /* Sources */ = {
			isa = PBXSourcesBuildPhase;
			buildActionMask = 2147483647;
			files = (
				0B043BAF28A94BEF00EA3EEF /* ViewController.swift in Sources */,
				0B043BAB28A94BEF00EA3EEF /* AppDelegate.swift in Sources */,
				0B043BAD28A94BEF00EA3EEF /* SceneDelegate.swift in Sources */,
			);
			runOnlyForDeploymentPostprocessing = 0;
		};
		0B043BB928A94BF000EA3EEF /* Sources */ = {
			isa = PBXSourcesBuildPhase;
			buildActionMask = 2147483647;
			files = (
				0B043BC228A94BF000EA3EEF /* streamingUITests.swift in Sources */,
			);
			runOnlyForDeploymentPostprocessing = 0;
		};
		0B043BC328A94BF000EA3EEF /* Sources */ = {
			isa = PBXSourcesBuildPhase;
			buildActionMask = 2147483647;
			files = (
				0B043BCC28A94BF000EA3EEF /* streamingUIUITests.swift in Sources */,
				0B043BCE28A94BF000EA3EEF /* streamingUIUITestsLaunchTests.swift in Sources */,
			);
			runOnlyForDeploymentPostprocessing = 0;
		};
/* End PBXSourcesBuildPhase section */

/* Begin PBXTargetDependency section */
		0B043BBF28A94BF000EA3EEF /* PBXTargetDependency */ = {
			isa = PBXTargetDependency;
			target = 0B043BA628A94BEF00EA3EEF /* streamingUI */;
			targetProxy = 0B043BBE28A94BF000EA3EEF /* PBXContainerItemProxy */;
		};
		0B043BC928A94BF000EA3EEF /* PBXTargetDependency */ = {
			isa = PBXTargetDependency;
			target = 0B043BA628A94BEF00EA3EEF /* streamingUI */;
			targetProxy = 0B043BC828A94BF000EA3EEF /* PBXContainerItemProxy */;
		};
/* End PBXTargetDependency section */

/* Begin PBXVariantGroup section */
		0B043BB028A94BEF00EA3EEF /* Main.storyboard */ = {
			isa = PBXVariantGroup;
			children = (
				0B043BB128A94BEF00EA3EEF /* Base */,
			);
			name = Main.storyboard;
			sourceTree = "<group>";
		};
		0B043BB528A94BF000EA3EEF /* LaunchScreen.storyboard */ = {
			isa = PBXVariantGroup;
			children = (
				0B043BB628A94BF000EA3EEF /* Base */,
			);
			name = LaunchScreen.storyboard;
			sourceTree = "<group>";
		};
/* End PBXVariantGroup section */

/* Begin XCBuildConfiguration section */
		0B043BCF28A94BF000EA3EEF /* Debug */ = {
			isa = XCBuildConfiguration;
			buildSettings = {
				ALWAYS_SEARCH_USER_PATHS = NO;
				CLANG_ANALYZER_NONNULL = YES;
				CLANG_ANALYZER_NUMBER_OBJECT_CONVERSION = YES_AGGRESSIVE;
				CLANG_CXX_LANGUAGE_STANDARD = "gnu++17";
				CLANG_ENABLE_MODULES = YES;
				CLANG_ENABLE_OBJC_ARC = YES;
				CLANG_ENABLE_OBJC_WEAK = YES;
				CLANG_WARN_BLOCK_CAPTURE_AUTORELEASING = YES;
				CLANG_WARN_BOOL_CONVERSION = YES;
				CLANG_WARN_COMMA = YES;
				CLANG_WARN_CONSTANT_CONVERSION = YES;
				CLANG_WARN_DEPRECATED_OBJC_IMPLEMENTATIONS = YES;
				CLANG_WARN_DIRECT_OBJC_ISA_USAGE = YES_ERROR;
				CLANG_WARN_DOCUMENTATION_COMMENTS = YES;
				CLANG_WARN_EMPTY_BODY = YES;
				CLANG_WARN_ENUM_CONVERSION = YES;
				CLANG_WARN_INFINITE_RECURSION = YES;
				CLANG_WARN_INT_CONVERSION = YES;
				CLANG_WARN_NON_LITERAL_NULL_CONVERSION = YES;
				CLANG_WARN_OBJC_IMPLICIT_RETAIN_SELF = YES;
				CLANG_WARN_OBJC_LITERAL_CONVERSION = YES;
				CLANG_WARN_OBJC_ROOT_CLASS = YES_ERROR;
				CLANG_WARN_QUOTED_INCLUDE_IN_FRAMEWORK_HEADER = YES;
				CLANG_WARN_RANGE_LOOP_ANALYSIS = YES;
				CLANG_WARN_STRICT_PROTOTYPES = YES;
				CLANG_WARN_SUSPICIOUS_MOVE = YES;
				CLANG_WARN_UNGUARDED_AVAILABILITY = YES_AGGRESSIVE;
				CLANG_WARN_UNREACHABLE_CODE = YES;
				CLANG_WARN__DUPLICATE_METHOD_MATCH = YES;
				COPY_PHASE_STRIP = NO;
				DEBUG_INFORMATION_FORMAT = dwarf;
				ENABLE_STRICT_OBJC_MSGSEND = YES;
				ENABLE_TESTABILITY = YES;
				GCC_C_LANGUAGE_STANDARD = gnu11;
				GCC_DYNAMIC_NO_PIC = NO;
				GCC_NO_COMMON_BLOCKS = YES;
				GCC_OPTIMIZATION_LEVEL = 0;
				GCC_PREPROCESSOR_DEFINITIONS = (
					"DEBUG=1",
					"$(inherited)",
				);
				GCC_WARN_64_TO_32_BIT_CONVERSION = YES;
				GCC_WARN_ABOUT_RETURN_TYPE = YES_ERROR;
				GCC_WARN_UNDECLARED_SELECTOR = YES;
				GCC_WARN_UNINITIALIZED_AUTOS = YES_AGGRESSIVE;
				GCC_WARN_UNUSED_FUNCTION = YES;
				GCC_WARN_UNUSED_VARIABLE = YES;
				IPHONEOS_DEPLOYMENT_TARGET = 15.5;
				MTL_ENABLE_DEBUG_INFO = INCLUDE_SOURCE;
				MTL_FAST_MATH = YES;
				ONLY_ACTIVE_ARCH = YES;
				SDKROOT = iphoneos;
				SWIFT_ACTIVE_COMPILATION_CONDITIONS = DEBUG;
				SWIFT_OPTIMIZATION_LEVEL = "-Onone";
			};
			name = Debug;
		};
		0B043BD028A94BF000EA3EEF /* Release */ = {
			isa = XCBuildConfiguration;
			buildSettings = {
				ALWAYS_SEARCH_USER_PATHS = NO;
				CLANG_ANALYZER_NONNULL = YES;
				CLANG_ANALYZER_NUMBER_OBJECT_CONVERSION = YES_AGGRESSIVE;
				CLANG_CXX_LANGUAGE_STANDARD = "gnu++17";
				CLANG_ENABLE_MODULES = YES;
				CLANG_ENABLE_OBJC_ARC = YES;
				CLANG_ENABLE_OBJC_WEAK = YES;
				CLANG_WARN_BLOCK_CAPTURE_AUTORELEASING = YES;
				CLANG_WARN_BOOL_CONVERSION = YES;
				CLANG_WARN_COMMA = YES;
				CLANG_WARN_CONSTANT_CONVERSION = YES;
				CLANG_WARN_DEPRECATED_OBJC_IMPLEMENTATIONS = YES;
				CLANG_WARN_DIRECT_OBJC_ISA_USAGE = YES_ERROR;
				CLANG_WARN_DOCUMENTATION_COMMENTS = YES;
				CLANG_WARN_EMPTY_BODY = YES;
				CLANG_WARN_ENUM_CONVERSION = YES;
				CLANG_WARN_INFINITE_RECURSION = YES;
				CLANG_WARN_INT_CONVERSION = YES;
				CLANG_WARN_NON_LITERAL_NULL_CONVERSION = YES;
				CLANG_WARN_OBJC_IMPLICIT_RETAIN_SELF = YES;
				CLANG_WARN_OBJC_LITERAL_CONVERSION = YES;
				CLANG_WARN_OBJC_ROOT_CLASS = YES_ERROR;
				CLANG_WARN_QUOTED_INCLUDE_IN_FRAMEWORK_HEADER = YES;
				CLANG_WARN_RANGE_LOOP_ANALYSIS = YES;
				CLANG_WARN_STRICT_PROTOTYPES = YES;
				CLANG_WARN_SUSPICIOUS_MOVE = YES;
				CLANG_WARN_UNGUARDED_AVAILABILITY = YES_AGGRESSIVE;
				CLANG_WARN_UNREACHABLE_CODE = YES;
				CLANG_WARN__DUPLICATE_METHOD_MATCH = YES;
				COPY_PHASE_STRIP = NO;
				DEBUG_INFORMATION_FORMAT = "dwarf-with-dsym";
				ENABLE_NS_ASSERTIONS = NO;
				ENABLE_STRICT_OBJC_MSGSEND = YES;
				GCC_C_LANGUAGE_STANDARD = gnu11;
				GCC_NO_COMMON_BLOCKS = YES;
				GCC_WARN_64_TO_32_BIT_CONVERSION = YES;
				GCC_WARN_ABOUT_RETURN_TYPE = YES_ERROR;
				GCC_WARN_UNDECLARED_SELECTOR = YES;
				GCC_WARN_UNINITIALIZED_AUTOS = YES_AGGRESSIVE;
				GCC_WARN_UNUSED_FUNCTION = YES;
				GCC_WARN_UNUSED_VARIABLE = YES;
				IPHONEOS_DEPLOYMENT_TARGET = 15.5;
				MTL_ENABLE_DEBUG_INFO = NO;
				MTL_FAST_MATH = YES;
				SDKROOT = iphoneos;
				SWIFT_COMPILATION_MODE = wholemodule;
				SWIFT_OPTIMIZATION_LEVEL = "-O";
				VALIDATE_PRODUCT = YES;
			};
			name = Release;
		};
		0B043BD228A94BF000EA3EEF /* Debug */ = {
			isa = XCBuildConfiguration;
			buildSettings = {
				ASSETCATALOG_COMPILER_APPICON_NAME = AppIcon;
				ASSETCATALOG_COMPILER_GLOBAL_ACCENT_COLOR_NAME = AccentColor;
				CODE_SIGN_STYLE = Automatic;
				CURRENT_PROJECT_VERSION = 1;
				GENERATE_INFOPLIST_FILE = YES;
				INFOPLIST_FILE = streamingUI/Info.plist;
				INFOPLIST_KEY_UIApplicationSupportsIndirectInputEvents = YES;
				INFOPLIST_KEY_UILaunchStoryboardName = LaunchScreen;
				INFOPLIST_KEY_UIMainStoryboardFile = Main;
				INFOPLIST_KEY_UISupportedInterfaceOrientations_iPad = "UIInterfaceOrientationPortrait UIInterfaceOrientationPortraitUpsideDown UIInterfaceOrientationLandscapeLeft UIInterfaceOrientationLandscapeRight";
				INFOPLIST_KEY_UISupportedInterfaceOrientations_iPhone = "UIInterfaceOrientationPortrait UIInterfaceOrientationLandscapeLeft UIInterfaceOrientationLandscapeRight";
				LD_RUNPATH_SEARCH_PATHS = (
					"$(inherited)",
					"@executable_path/Frameworks",
				);
				MARKETING_VERSION = 1.0;
				PRODUCT_BUNDLE_IDENTIFIER = com.puye.streamingUI;
				PRODUCT_NAME = "$(TARGET_NAME)";
				SWIFT_EMIT_LOC_STRINGS = YES;
				SWIFT_VERSION = 5.0;
				TARGETED_DEVICE_FAMILY = "1,2";
			};
			name = Debug;
		};
		0B043BD328A94BF000EA3EEF /* Release */ = {
			isa = XCBuildConfiguration;
			buildSettings = {
				ASSETCATALOG_COMPILER_APPICON_NAME = AppIcon;
				ASSETCATALOG_COMPILER_GLOBAL_ACCENT_COLOR_NAME = AccentColor;
				CODE_SIGN_STYLE = Automatic;
				CURRENT_PROJECT_VERSION = 1;
				GENERATE_INFOPLIST_FILE = YES;
				INFOPLIST_FILE = streamingUI/Info.plist;
				INFOPLIST_KEY_UIApplicationSupportsIndirectInputEvents = YES;
				INFOPLIST_KEY_UILaunchStoryboardName = LaunchScreen;
				INFOPLIST_KEY_UIMainStoryboardFile = Main;
				INFOPLIST_KEY_UISupportedInterfaceOrientations_iPad = "UIInterfaceOrientationPortrait UIInterfaceOrientationPortraitUpsideDown UIInterfaceOrientationLandscapeLeft UIInterfaceOrientationLandscapeRight";
				INFOPLIST_KEY_UISupportedInterfaceOrientations_iPhone = "UIInterfaceOrientationPortrait UIInterfaceOrientationLandscapeLeft UIInterfaceOrientationLandscapeRight";
				LD_RUNPATH_SEARCH_PATHS = (
					"$(inherited)",
					"@executable_path/Frameworks",
				);
				MARKETING_VERSION = 1.0;
				PRODUCT_BUNDLE_IDENTIFIER = com.puye.streamingUI;
				PRODUCT_NAME = "$(TARGET_NAME)";
				SWIFT_EMIT_LOC_STRINGS = YES;
				SWIFT_VERSION = 5.0;
				TARGETED_DEVICE_FAMILY = "1,2";
			};
			name = Release;
		};
		0B043BD528A94BF000EA3EEF /* Debug */ = {
			isa = XCBuildConfiguration;
			buildSettings = {
				ALWAYS_EMBED_SWIFT_STANDARD_LIBRARIES = YES;
				BUNDLE_LOADER = "$(TEST_HOST)";
				CODE_SIGN_STYLE = Automatic;
				CURRENT_PROJECT_VERSION = 1;
				GENERATE_INFOPLIST_FILE = YES;
				IPHONEOS_DEPLOYMENT_TARGET = 15.5;
				MARKETING_VERSION = 1.0;
				PRODUCT_BUNDLE_IDENTIFIER = com.puye.streamingUITests;
				PRODUCT_NAME = "$(TARGET_NAME)";
				SWIFT_EMIT_LOC_STRINGS = NO;
				SWIFT_VERSION = 5.0;
				TARGETED_DEVICE_FAMILY = "1,2";
				TEST_HOST = "$(BUILT_PRODUCTS_DIR)/streamingUI.app/streamingUI";
			};
			name = Debug;
		};
		0B043BD628A94BF000EA3EEF /* Release */ = {
			isa = XCBuildConfiguration;
			buildSettings = {
				ALWAYS_EMBED_SWIFT_STANDARD_LIBRARIES = YES;
				BUNDLE_LOADER = "$(TEST_HOST)";
				CODE_SIGN_STYLE = Automatic;
				CURRENT_PROJECT_VERSION = 1;
				GENERATE_INFOPLIST_FILE = YES;
				IPHONEOS_DEPLOYMENT_TARGET = 15.5;
				MARKETING_VERSION = 1.0;
				PRODUCT_BUNDLE_IDENTIFIER = com.puye.streamingUITests;
				PRODUCT_NAME = "$(TARGET_NAME)";
				SWIFT_EMIT_LOC_STRINGS = NO;
				SWIFT_VERSION = 5.0;
				TARGETED_DEVICE_FAMILY = "1,2";
				TEST_HOST = "$(BUILT_PRODUCTS_DIR)/streamingUI.app/streamingUI";
			};
			name = Release;
		};
		0B043BD828A94BF000EA3EEF /* Debug */ = {
			isa = XCBuildConfiguration;
			buildSettings = {
				ALWAYS_EMBED_SWIFT_STANDARD_LIBRARIES = YES;
				CODE_SIGN_STYLE = Automatic;
				CURRENT_PROJECT_VERSION = 1;
				GENERATE_INFOPLIST_FILE = YES;
				MARKETING_VERSION = 1.0;
				PRODUCT_BUNDLE_IDENTIFIER = com.puye.streamingUIUITests;
				PRODUCT_NAME = "$(TARGET_NAME)";
				SWIFT_EMIT_LOC_STRINGS = NO;
				SWIFT_VERSION = 5.0;
				TARGETED_DEVICE_FAMILY = "1,2";
				TEST_TARGET_NAME = streamingUI;
			};
			name = Debug;
		};
		0B043BD928A94BF000EA3EEF /* Release */ = {
			isa = XCBuildConfiguration;
			buildSettings = {
				ALWAYS_EMBED_SWIFT_STANDARD_LIBRARIES = YES;
				CODE_SIGN_STYLE = Automatic;
				CURRENT_PROJECT_VERSION = 1;
				GENERATE_INFOPLIST_FILE = YES;
				MARKETING_VERSION = 1.0;
				PRODUCT_BUNDLE_IDENTIFIER = com.puye.streamingUIUITests;
				PRODUCT_NAME = "$(TARGET_NAME)";
				SWIFT_EMIT_LOC_STRINGS = NO;
				SWIFT_VERSION = 5.0;
				TARGETED_DEVICE_FAMILY = "1,2";
				TEST_TARGET_NAME = streamingUI;
			};
			name = Release;
		};
/* End XCBuildConfiguration section */

/* Begin XCConfigurationList section */
		0B043BA228A94BEF00EA3EEF /* Build configuration list for PBXProject "streamingUI" */ = {
			isa = XCConfigurationList;
			buildConfigurations = (
				0B043BCF28A94BF000EA3EEF /* Debug */,
				0B043BD028A94BF000EA3EEF /* Release */,
			);
			defaultConfigurationIsVisible = 0;
			defaultConfigurationName = Release;
		};
		0B043BD128A94BF000EA3EEF /* Build configuration list for PBXNativeTarget "streamingUI" */ = {
			isa = XCConfigurationList;
			buildConfigurations = (
				0B043BD228A94BF000EA3EEF /* Debug */,
				0B043BD328A94BF000EA3EEF /* Release */,
			);
			defaultConfigurationIsVisible = 0;
			defaultConfigurationName = Release;
		};
		0B043BD428A94BF000EA3EEF /* Build configuration list for PBXNativeTarget "streamingUITests" */ = {
			isa = XCConfigurationList;
			buildConfigurations = (
				0B043BD528A94BF000EA3EEF /* Debug */,
				0B043BD628A94BF000EA3EEF /* Release */,
			);
			defaultConfigurationIsVisible = 0;
			defaultConfigurationName = Release;
		};
		0B043BD728A94BF000EA3EEF /* Build configuration list for PBXNativeTarget "streamingUIUITests" */ = {
			isa = XCConfigurationList;
			buildConfigurations = (
				0B043BD828A94BF000EA3EEF /* Debug */,
				0B043BD928A94BF000EA3EEF /* Release */,
			);
			defaultConfigurationIsVisible = 0;
			defaultConfigurationName = Release;
		};
/* End XCConfigurationList section */
	};
	rootObject = 0B043B9F28A94BEF00EA3EEF /* Project object */;
}
